
Microsoft Visual Studio Solution File, Format Version 12.00
# Visual Studio Version 17
VisualStudioVersion = 17.9.34728.123
MinimumVisualStudioVersion = 10.0.40219.1
Project("{8BC9CEB8-8B4A-11D0-8D11-00A0C91BC942}") = "Task1", "Task1.vcxproj", "{237C94AC-4D27-4228-A9B6-FFFB5682942D}"
EndProject
Global
	GlobalSection(SolutionConfigurationPlatforms) = preSolution
		Debug|x64 = Debug|x64
		Debug|x86 = Debug|x86
		Release|x64 = Release|x64
		Release|x86 = Release|x86
	EndGlobalSection
	GlobalSection(ProjectConfigurationPlatforms) = postSolution
		{237C94AC-4D27-4228-A9B6-FFFB5682942D}.Debug|x64.ActiveCfg = Debug|x64
		{237C94AC-4D27-4228-A9B6-FFFB5682942D}.Debug|x64.Build.0 = Debug|x64
		{237C94AC-4D27-4228-A9B6-FFFB5682942D}.Debug|x86.ActiveCfg = Debug|Win32
		{237C94AC-4D27-4228-A9B6-FFFB5682942D}.Debug|x86.Build.0 = Debug|Win32
		{237C94AC-4D27-4228-A9B6-FFFB5682942D}.Release|x64.ActiveCfg = Release|x64
		{237C94AC-4D27-4228-A9B6-FFFB5682942D}.Release|x64.Build.0 = Release|x64
		{237C94AC-4D27-4228-A9B6-FFFB5682942D}.Release|x86.ActiveCfg = Release|Win32
		{237C94AC-4D27-4228-A9B6-FFFB5682942D}.Release|x86.Build.0 = Release|Win32
	EndGlobalSection
	GlobalSection(SolutionProperties) = preSolution
		HideSolutionNode = FALSE
	EndGlobalSection
	GlobalSection(ExtensibilityGlobals) = postSolution
		SolutionGuid = {6039A2F4-0264-4042-8CD1-475C3AEB550C}
	EndGlobalSection
EndGlobal
